// !$*UTF8*$!
{
	archiveVersion = 1;
	classes = {
	};
	objectVersion = 55;
	objects = {

/* Begin PBXBuildFile section */
		6D84934B283A47DC002F1D8D /* AppDelegate.swift in Sources */ = {isa = PBXBuildFile; fileRef = 6D84934A283A47DC002F1D8D /* AppDelegate.swift */; };
		6D84934D283A47DC002F1D8D /* SceneDelegate.swift in Sources */ = {isa = PBXBuildFile; fileRef = 6D84934C283A47DC002F1D8D /* SceneDelegate.swift */; };
		6D84934F283A47DC002F1D8D /* ViewController.swift in Sources */ = {isa = PBXBuildFile; fileRef = 6D84934E283A47DC002F1D8D /* ViewController.swift */; };
		6D849352283A47DC002F1D8D /* Main.storyboard in Resources */ = {isa = PBXBuildFile; fileRef = 6D849350283A47DC002F1D8D /* Main.storyboard */; };
		6D849354283A47DE002F1D8D /* Assets.xcassets in Resources */ = {isa = PBXBuildFile; fileRef = 6D849353283A47DE002F1D8D /* Assets.xcassets */; };
		6D849357283A47DE002F1D8D /* LaunchScreen.storyboard in Resources */ = {isa = PBXBuildFile; fileRef = 6D849355283A47DE002F1D8D /* LaunchScreen.storyboard */; };
		6D849362283A47DF002F1D8D /* MathTestingTests.swift in Sources */ = {isa = PBXBuildFile; fileRef = 6D849361283A47DF002F1D8D /* MathTestingTests.swift */; };
		6D84936C283A47DF002F1D8D /* MathTestingUITests.swift in Sources */ = {isa = PBXBuildFile; fileRef = 6D84936B283A47DF002F1D8D /* MathTestingUITests.swift */; };
		6D84936E283A47DF002F1D8D /* MathTestingUITestsLaunchTests.swift in Sources */ = {isa = PBXBuildFile; fileRef = 6D84936D283A47DF002F1D8D /* MathTestingUITestsLaunchTests.swift */; };
		6D84937B283A47F7002F1D8D /* Math.swift in Sources */ = {isa = PBXBuildFile; fileRef = 6D84937A283A47F7002F1D8D /* Math.swift */; };
		6D84937C283A47F7002F1D8D /* Math.swift in Sources */ = {isa = PBXBuildFile; fileRef = 6D84937A283A47F7002F1D8D /* Math.swift */; };
		6D84937E283A49FA002F1D8D /* MathTests.swift in Sources */ = {isa = PBXBuildFile; fileRef = 6D84937D283A49FA002F1D8D /* MathTests.swift */; };
/* End PBXBuildFile section */

/* Begin PBXContainerItemProxy section */
		6D84935E283A47DF002F1D8D /* PBXContainerItemProxy */ = {
			isa = PBXContainerItemProxy;
			containerPortal = 6D84933F283A47DC002F1D8D /* Project object */;
			proxyType = 1;
			remoteGlobalIDString = 6D849346283A47DC002F1D8D;
			remoteInfo = MathTesting;
		};
		6D849368283A47DF002F1D8D /* PBXContainerItemProxy */ = {
			isa = PBXContainerItemProxy;
			containerPortal = 6D84933F283A47DC002F1D8D /* Project object */;
			proxyType = 1;
			remoteGlobalIDString = 6D849346283A47DC002F1D8D;
			remoteInfo = MathTesting;
		};
/* End PBXContainerItemProxy section */

/* Begin PBXFileReference section */
		6D849347283A47DC002F1D8D /* MathTesting.app */ = {isa = PBXFileReference; explicitFileType = wrapper.application; includeInIndex = 0; path = MathTesting.app; sourceTree = BUILT_PRODUCTS_DIR; };
		6D84934A283A47DC002F1D8D /* AppDelegate.swift */ = {isa = PBXFileReference; lastKnownFileType = sourcecode.swift; path = AppDelegate.swift; sourceTree = "<group>"; };
		6D84934C283A47DC002F1D8D /* SceneDelegate.swift */ = {isa = PBXFileReference; lastKnownFileType = sourcecode.swift; path = SceneDelegate.swift; sourceTree = "<group>"; };
		6D84934E283A47DC002F1D8D /* ViewController.swift */ = {isa = PBXFileReference; lastKnownFileType = sourcecode.swift; path = ViewController.swift; sourceTree = "<group>"; };
		6D849351283A47DC002F1D8D /* Base */ = {isa = PBXFileReference; lastKnownFileType = file.storyboard; name = Base; path = Base.lproj/Main.storyboard; sourceTree = "<group>"; };
		6D849353283A47DE002F1D8D /* Assets.xcassets */ = {isa = PBXFileReference; lastKnownFileType = folder.assetcatalog; path = Assets.xcassets; sourceTree = "<group>"; };
		6D849356283A47DE002F1D8D /* Base */ = {isa = PBXFileReference; lastKnownFileType = file.storyboard; name = Base; path = Base.lproj/LaunchScreen.storyboard; sourceTree = "<group>"; };
		6D849358283A47DE002F1D8D /* Info.plist */ = {isa = PBXFileReference; lastKnownFileType = text.plist.xml; path = Info.plist; sourceTree = "<group>"; };
		6D84935D283A47DF002F1D8D /* MathTestingTests.xctest */ = {isa = PBXFileReference; explicitFileType = wrapper.cfbundle; includeInIndex = 0; path = MathTestingTests.xctest; sourceTree = BUILT_PRODUCTS_DIR; };
		6D849361283A47DF002F1D8D /* MathTestingTests.swift */ = {isa = PBXFileReference; lastKnownFileType = sourcecode.swift; path = MathTestingTests.swift; sourceTree = "<group>"; };
		6D849367283A47DF002F1D8D /* MathTestingUITests.xctest */ = {isa = PBXFileReference; explicitFileType = wrapper.cfbundle; includeInIndex = 0; path = MathTestingUITests.xctest; sourceTree = BUILT_PRODUCTS_DIR; };
		6D84936B283A47DF002F1D8D /* MathTestingUITests.swift */ = {isa = PBXFileReference; lastKnownFileType = sourcecode.swift; path = MathTestingUITests.swift; sourceTree = "<group>"; };
		6D84936D283A47DF002F1D8D /* MathTestingUITestsLaunchTests.swift */ = {isa = PBXFileReference; lastKnownFileType = sourcecode.swift; path = MathTestingUITestsLaunchTests.swift; sourceTree = "<group>"; };
		6D84937A283A47F7002F1D8D /* Math.swift */ = {isa = PBXFileReference; lastKnownFileType = sourcecode.swift; path = Math.swift; sourceTree = "<group>"; };
		6D84937D283A49FA002F1D8D /* MathTests.swift */ = {isa = PBXFileReference; lastKnownFileType = sourcecode.swift; path = MathTests.swift; sourceTree = "<group>"; };
/* End PBXFileReference section */

/* Begin PBXFrameworksBuildPhase section */
		6D849344283A47DC002F1D8D /* Frameworks */ = {
			isa = PBXFrameworksBuildPhase;
			buildActionMask = 2147483647;
			files = (
			);
			runOnlyForDeploymentPostprocessing = 0;
		};
		6D84935A283A47DF002F1D8D /* Frameworks */ = {
			isa = PBXFrameworksBuildPhase;
			buildActionMask = 2147483647;
			files = (
			);
			runOnlyForDeploymentPostprocessing = 0;
		};
		6D849364283A47DF002F1D8D /* Frameworks */ = {
			isa = PBXFrameworksBuildPhase;
			buildActionMask = 2147483647;
			files = (
			);
			runOnlyForDeploymentPostprocessing = 0;
		};
/* End PBXFrameworksBuildPhase section */

/* Begin PBXGroup section */
		6D84933E283A47DC002F1D8D = {
			isa = PBXGroup;
			children = (
				6D849349283A47DC002F1D8D /* MathTesting */,
				6D849360283A47DF002F1D8D /* MathTestingTests */,
				6D84936A283A47DF002F1D8D /* MathTestingUITests */,
				6D849348283A47DC002F1D8D /* Products */,
			);
			sourceTree = "<group>";
		};
		6D849348283A47DC002F1D8D /* Products */ = {
			isa = PBXGroup;
			children = (
				6D849347283A47DC002F1D8D /* MathTesting.app */,
				6D84935D283A47DF002F1D8D /* MathTestingTests.xctest */,
				6D849367283A47DF002F1D8D /* MathTestingUITests.xctest */,
			);
			name = Products;
			sourceTree = "<group>";
		};
		6D849349283A47DC002F1D8D /* MathTesting */ = {
			isa = PBXGroup;
			children = (
				6D84934A283A47DC002F1D8D /* AppDelegate.swift */,
				6D84934C283A47DC002F1D8D /* SceneDelegate.swift */,
				6D84934E283A47DC002F1D8D /* ViewController.swift */,
				6D849350283A47DC002F1D8D /* Main.storyboard */,
				6D849353283A47DE002F1D8D /* Assets.xcassets */,
				6D849355283A47DE002F1D8D /* LaunchScreen.storyboard */,
				6D849358283A47DE002F1D8D /* Info.plist */,
				6D84937A283A47F7002F1D8D /* Math.swift */,
			);
			path = MathTesting;
			sourceTree = "<group>";
		};
		6D849360283A47DF002F1D8D /* MathTestingTests */ = {
			isa = PBXGroup;
			children = (
				6D849361283A47DF002F1D8D /* MathTestingTests.swift */,
				6D84937D283A49FA002F1D8D /* MathTests.swift */,
			);
			path = MathTestingTests;
			sourceTree = "<group>";
		};
		6D84936A283A47DF002F1D8D /* MathTestingUITests */ = {
			isa = PBXGroup;
			children = (
				6D84936B283A47DF002F1D8D /* MathTestingUITests.swift */,
				6D84936D283A47DF002F1D8D /* MathTestingUITestsLaunchTests.swift */,
			);
			path = MathTestingUITests;
			sourceTree = "<group>";
		};
/* End PBXGroup section */

/* Begin PBXNativeTarget section */
		6D849346283A47DC002F1D8D /* MathTesting */ = {
			isa = PBXNativeTarget;
			buildConfigurationList = 6D849371283A47DF002F1D8D /* Build configuration list for PBXNativeTarget "MathTesting" */;
			buildPhases = (
				6D849343283A47DC002F1D8D /* Sources */,
				6D849344283A47DC002F1D8D /* Frameworks */,
				6D849345283A47DC002F1D8D /* Resources */,
			);
			buildRules = (
			);
			dependencies = (
			);
			name = MathTesting;
			productName = MathTesting;
			productReference = 6D849347283A47DC002F1D8D /* MathTesting.app */;
			productType = "com.apple.product-type.application";
		};
		6D84935C283A47DF002F1D8D /* MathTestingTests */ = {
			isa = PBXNativeTarget;
			buildConfigurationList = 6D849374283A47DF002F1D8D /* Build configuration list for PBXNativeTarget "MathTestingTests" */;
			buildPhases = (
				6D849359283A47DF002F1D8D /* Sources */,
				6D84935A283A47DF002F1D8D /* Frameworks */,
				6D84935B283A47DF002F1D8D /* Resources */,
			);
			buildRules = (
			);
			dependencies = (
				6D84935F283A47DF002F1D8D /* PBXTargetDependency */,
			);
			name = MathTestingTests;
			productName = MathTestingTests;
			productReference = 6D84935D283A47DF002F1D8D /* MathTestingTests.xctest */;
			productType = "com.apple.product-type.bundle.unit-test";
		};
		6D849366283A47DF002F1D8D /* MathTestingUITests */ = {
			isa = PBXNativeTarget;
			buildConfigurationList = 6D849377283A47DF002F1D8D /* Build configuration list for PBXNativeTarget "MathTestingUITests" */;
			buildPhases = (
				6D849363283A47DF002F1D8D /* Sources */,
				6D849364283A47DF002F1D8D /* Frameworks */,
				6D849365283A47DF002F1D8D /* Resources */,
			);
			buildRules = (
			);
			dependencies = (
				6D849369283A47DF002F1D8D /* PBXTargetDependency */,
			);
			name = MathTestingUITests;
			productName = MathTestingUITests;
			productReference = 6D849367283A47DF002F1D8D /* MathTestingUITests.xctest */;
			productType = "com.apple.product-type.bundle.ui-testing";
		};
/* End PBXNativeTarget section */

/* Begin PBXProject section */
		6D84933F283A47DC002F1D8D /* Project object */ = {
			isa = PBXProject;
			attributes = {
				BuildIndependentTargetsInParallel = 1;
				LastSwiftUpdateCheck = 1330;
				LastUpgradeCheck = 1330;
				TargetAttributes = {
					6D849346283A47DC002F1D8D = {
						CreatedOnToolsVersion = 13.3.1;
					};
					6D84935C283A47DF002F1D8D = {
						CreatedOnToolsVersion = 13.3.1;
						TestTargetID = 6D849346283A47DC002F1D8D;
					};
					6D849366283A47DF002F1D8D = {
						CreatedOnToolsVersion = 13.3.1;
						TestTargetID = 6D849346283A47DC002F1D8D;
					};
				};
			};
			buildConfigurationList = 6D849342283A47DC002F1D8D /* Build configuration list for PBXProject "MathTesting" */;
			compatibilityVersion = "Xcode 13.0";
			developmentRegion = en;
			hasScannedForEncodings = 0;
			knownRegions = (
				en,
				Base,
			);
			mainGroup = 6D84933E283A47DC002F1D8D;
			productRefGroup = 6D849348283A47DC002F1D8D /* Products */;
			projectDirPath = "";
			projectRoot = "";
			targets = (
				6D849346283A47DC002F1D8D /* MathTesting */,
				6D84935C283A47DF002F1D8D /* MathTestingTests */,
				6D849366283A47DF002F1D8D /* MathTestingUITests */,
			);
		};
/* End PBXProject section */

/* Begin PBXResourcesBuildPhase section */
		6D849345283A47DC002F1D8D /* Resources */ = {
			isa = PBXResourcesBuildPhase;
			buildActionMask = 2147483647;
			files = (
				6D849357283A47DE002F1D8D /* LaunchScreen.storyboard in Resources */,
				6D849354283A47DE002F1D8D /* Assets.xcassets in Resources */,
				6D849352283A47DC002F1D8D /* Main.storyboard in Resources */,
			);
			runOnlyForDeploymentPostprocessing = 0;
		};
		6D84935B283A47DF002F1D8D /* Resources */ = {
			isa = PBXResourcesBuildPhase;
			buildActionMask = 2147483647;
			files = (
			);
			runOnlyForDeploymentPostprocessing = 0;
		};
		6D849365283A47DF002F1D8D /* Resources */ = {
			isa = PBXResourcesBuildPhase;
			buildActionMask = 2147483647;
			files = (
			);
			runOnlyForDeploymentPostprocessing = 0;
		};
/* End PBXResourcesBuildPhase section */

/* Begin PBXSourcesBuildPhase section */
		6D849343283A47DC002F1D8D /* Sources */ = {
			isa = PBXSourcesBuildPhase;
			buildActionMask = 2147483647;
			files = (
				6D84934F283A47DC002F1D8D /* ViewController.swift in Sources */,
				6D84934B283A47DC002F1D8D /* AppDelegate.swift in Sources */,
				6D84934D283A47DC002F1D8D /* SceneDelegate.swift in Sources */,
				6D84937B283A47F7002F1D8D /* Math.swift in Sources */,
			);
			runOnlyForDeploymentPostprocessing = 0;
		};
		6D849359283A47DF002F1D8D /* Sources */ = {
			isa = PBXSourcesBuildPhase;
			buildActionMask = 2147483647;
			files = (
				6D84937E283A49FA002F1D8D /* MathTests.swift in Sources */,
				6D849362283A47DF002F1D8D /* MathTestingTests.swift in Sources */,
				6D84937C283A47F7002F1D8D /* Math.swift in Sources */,
			);
			runOnlyForDeploymentPostprocessing = 0;
		};
		6D849363283A47DF002F1D8D /* Sources */ = {
			isa = PBXSourcesBuildPhase;
			buildActionMask = 2147483647;
			files = (
				6D84936C283A47DF002F1D8D /* MathTestingUITests.swift in Sources */,
				6D84936E283A47DF002F1D8D /* MathTestingUITestsLaunchTests.swift in Sources */,
			);
			runOnlyForDeploymentPostprocessing = 0;
		};
/* End PBXSourcesBuildPhase section */

/* Begin PBXTargetDependency section */
		6D84935F283A47DF002F1D8D /* PBXTargetDependency */ = {
			isa = PBXTargetDependency;
			target = 6D849346283A47DC002F1D8D /* MathTesting */;
			targetProxy = 6D84935E283A47DF002F1D8D /* PBXContainerItemProxy */;
		};
		6D849369283A47DF002F1D8D /* PBXTargetDependency */ = {
			isa = PBXTargetDependency;
			target = 6D849346283A47DC002F1D8D /* MathTesting */;
			targetProxy = 6D849368283A47DF002F1D8D /* PBXContainerItemProxy */;
		};
/* End PBXTargetDependency section */

/* Begin PBXVariantGroup section */
		6D849350283A47DC002F1D8D /* Main.storyboard */ = {
			isa = PBXVariantGroup;
			children = (
				6D849351283A47DC002F1D8D /* Base */,
			);
			name = Main.storyboard;
			sourceTree = "<group>";
		};
		6D849355283A47DE002F1D8D /* LaunchScreen.storyboard */ = {
			isa = PBXVariantGroup;
			children = (
				6D849356283A47DE002F1D8D /* Base */,
			);
			name = LaunchScreen.storyboard;
			sourceTree = "<group>";
		};
/* End PBXVariantGroup section */

/* Begin XCBuildConfiguration section */
		6D84936F283A47DF002F1D8D /* Debug */ = {
			isa = XCBuildConfiguration;
			buildSettings = {
				ALWAYS_SEARCH_USER_PATHS = NO;
				CLANG_ANALYZER_NONNULL = YES;
				CLANG_ANALYZER_NUMBER_OBJECT_CONVERSION = YES_AGGRESSIVE;
				CLANG_CXX_LANGUAGE_STANDARD = "gnu++17";
				CLANG_ENABLE_MODULES = YES;
				CLANG_ENABLE_OBJC_ARC = YES;
				CLANG_ENABLE_OBJC_WEAK = YES;
				CLANG_WARN_BLOCK_CAPTURE_AUTORELEASING = YES;
				CLANG_WARN_BOOL_CONVERSION = YES;
				CLANG_WARN_COMMA = YES;
				CLANG_WARN_CONSTANT_CONVERSION = YES;
				CLANG_WARN_DEPRECATED_OBJC_IMPLEMENTATIONS = YES;
				CLANG_WARN_DIRECT_OBJC_ISA_USAGE = YES_ERROR;
				CLANG_WARN_DOCUMENTATION_COMMENTS = YES;
				CLANG_WARN_EMPTY_BODY = YES;
				CLANG_WARN_ENUM_CONVERSION = YES;
				CLANG_WARN_INFINITE_RECURSION = YES;
				CLANG_WARN_INT_CONVERSION = YES;
				CLANG_WARN_NON_LITERAL_NULL_CONVERSION = YES;
				CLANG_WARN_OBJC_IMPLICIT_RETAIN_SELF = YES;
				CLANG_WARN_OBJC_LITERAL_CONVERSION = YES;
				CLANG_WARN_OBJC_ROOT_CLASS = YES_ERROR;
				CLANG_WARN_QUOTED_INCLUDE_IN_FRAMEWORK_HEADER = YES;
				CLANG_WARN_RANGE_LOOP_ANALYSIS = YES;
				CLANG_WARN_STRICT_PROTOTYPES = YES;
				CLANG_WARN_SUSPICIOUS_MOVE = YES;
				CLANG_WARN_UNGUARDED_AVAILABILITY = YES_AGGRESSIVE;
				CLANG_WARN_UNREACHABLE_CODE = YES;
				CLANG_WARN__DUPLICATE_METHOD_MATCH = YES;
				COPY_PHASE_STRIP = NO;
				DEBUG_INFORMATION_FORMAT = dwarf;
				ENABLE_STRICT_OBJC_MSGSEND = YES;
				ENABLE_TESTABILITY = YES;
				GCC_C_LANGUAGE_STANDARD = gnu11;
				GCC_DYNAMIC_NO_PIC = NO;
				GCC_NO_COMMON_BLOCKS = YES;
				GCC_OPTIMIZATION_LEVEL = 0;
				GCC_PREPROCESSOR_DEFINITIONS = (
					"DEBUG=1",
					"$(inherited)",
				);
				GCC_WARN_64_TO_32_BIT_CONVERSION = YES;
				GCC_WARN_ABOUT_RETURN_TYPE = YES_ERROR;
				GCC_WARN_UNDECLARED_SELECTOR = YES;
				GCC_WARN_UNINITIALIZED_AUTOS = YES_AGGRESSIVE;
				GCC_WARN_UNUSED_FUNCTION = YES;
				GCC_WARN_UNUSED_VARIABLE = YES;
				IPHONEOS_DEPLOYMENT_TARGET = 15.4;
				MTL_ENABLE_DEBUG_INFO = INCLUDE_SOURCE;
				MTL_FAST_MATH = YES;
				ONLY_ACTIVE_ARCH = YES;
				SDKROOT = iphoneos;
				SWIFT_ACTIVE_COMPILATION_CONDITIONS = DEBUG;
				SWIFT_OPTIMIZATION_LEVEL = "-Onone";
			};
			name = Debug;
		};
		6D849370283A47DF002F1D8D /* Release */ = {
			isa = XCBuildConfiguration;
			buildSettings = {
				ALWAYS_SEARCH_USER_PATHS = NO;
				CLANG_ANALYZER_NONNULL = YES;
				CLANG_ANALYZER_NUMBER_OBJECT_CONVERSION = YES_AGGRESSIVE;
				CLANG_CXX_LANGUAGE_STANDARD = "gnu++17";
				CLANG_ENABLE_MODULES = YES;
				CLANG_ENABLE_OBJC_ARC = YES;
				CLANG_ENABLE_OBJC_WEAK = YES;
				CLANG_WARN_BLOCK_CAPTURE_AUTORELEASING = YES;
				CLANG_WARN_BOOL_CONVERSION = YES;
				CLANG_WARN_COMMA = YES;
				CLANG_WARN_CONSTANT_CONVERSION = YES;
				CLANG_WARN_DEPRECATED_OBJC_IMPLEMENTATIONS = YES;
				CLANG_WARN_DIRECT_OBJC_ISA_USAGE = YES_ERROR;
				CLANG_WARN_DOCUMENTATION_COMMENTS = YES;
				CLANG_WARN_EMPTY_BODY = YES;
				CLANG_WARN_ENUM_CONVERSION = YES;
				CLANG_WARN_INFINITE_RECURSION = YES;
				CLANG_WARN_INT_CONVERSION = YES;
				CLANG_WARN_NON_LITERAL_NULL_CONVERSION = YES;
				CLANG_WARN_OBJC_IMPLICIT_RETAIN_SELF = YES;
				CLANG_WARN_OBJC_LITERAL_CONVERSION = YES;
				CLANG_WARN_OBJC_ROOT_CLASS = YES_ERROR;
				CLANG_WARN_QUOTED_INCLUDE_IN_FRAMEWORK_HEADER = YES;
				CLANG_WARN_RANGE_LOOP_ANALYSIS = YES;
				CLANG_WARN_STRICT_PROTOTYPES = YES;
				CLANG_WARN_SUSPICIOUS_MOVE = YES;
				CLANG_WARN_UNGUARDED_AVAILABILITY = YES_AGGRESSIVE;
				CLANG_WARN_UNREACHABLE_CODE = YES;
				CLANG_WARN__DUPLICATE_METHOD_MATCH = YES;
				COPY_PHASE_STRIP = NO;
				DEBUG_INFORMATION_FORMAT = "dwarf-with-dsym";
				ENABLE_NS_ASSERTIONS = NO;
				ENABLE_STRICT_OBJC_MSGSEND = YES;
				GCC_C_LANGUAGE_STANDARD = gnu11;
				GCC_NO_COMMON_BLOCKS = YES;
				GCC_WARN_64_TO_32_BIT_CONVERSION = YES;
				GCC_WARN_ABOUT_RETURN_TYPE = YES_ERROR;
				GCC_WARN_UNDECLARED_SELECTOR = YES;
				GCC_WARN_UNINITIALIZED_AUTOS = YES_AGGRESSIVE;
				GCC_WARN_UNUSED_FUNCTION = YES;
				GCC_WARN_UNUSED_VARIABLE = YES;
				IPHONEOS_DEPLOYMENT_TARGET = 15.4;
				MTL_ENABLE_DEBUG_INFO = NO;
				MTL_FAST_MATH = YES;
				SDKROOT = iphoneos;
				SWIFT_COMPILATION_MODE = wholemodule;
				SWIFT_OPTIMIZATION_LEVEL = "-O";
				VALIDATE_PRODUCT = YES;
			};
			name = Release;
		};
		6D849372283A47DF002F1D8D /* Debug */ = {
			isa = XCBuildConfiguration;
			buildSettings = {
				ASSETCATALOG_COMPILER_APPICON_NAME = AppIcon;
				ASSETCATALOG_COMPILER_GLOBAL_ACCENT_COLOR_NAME = AccentColor;
				CODE_SIGN_STYLE = Automatic;
				CURRENT_PROJECT_VERSION = 1;
				GENERATE_INFOPLIST_FILE = YES;
				INFOPLIST_FILE = MathTesting/Info.plist;
				INFOPLIST_KEY_UIApplicationSupportsIndirectInputEvents = YES;
				INFOPLIST_KEY_UILaunchStoryboardName = LaunchScreen;
				INFOPLIST_KEY_UIMainStoryboardFile = Main;
				INFOPLIST_KEY_UISupportedInterfaceOrientations_iPad = "UIInterfaceOrientationPortrait UIInterfaceOrientationPortraitUpsideDown UIInterfaceOrientationLandscapeLeft UIInterfaceOrientationLandscapeRight";
				INFOPLIST_KEY_UISupportedInterfaceOrientations_iPhone = "UIInterfaceOrientationPortrait UIInterfaceOrientationLandscapeLeft UIInterfaceOrientationLandscapeRight";
				LD_RUNPATH_SEARCH_PATHS = (
					"$(inherited)",
					"@executable_path/Frameworks",
				);
				MARKETING_VERSION = 1.0;
				PRODUCT_BUNDLE_IDENTIFIER = itsnotbex.MathTesting;
				PRODUCT_NAME = "$(TARGET_NAME)";
				SWIFT_EMIT_LOC_STRINGS = YES;
				SWIFT_VERSION = 5.0;
				TARGETED_DEVICE_FAMILY = "1,2";
			};
			name = Debug;
		};
		6D849373283A47DF002F1D8D /* Release */ = {
			isa = XCBuildConfiguration;
			buildSettings = {
				ASSETCATALOG_COMPILER_APPICON_NAME = AppIcon;
				ASSETCATALOG_COMPILER_GLOBAL_ACCENT_COLOR_NAME = AccentColor;
				CODE_SIGN_STYLE = Automatic;
				CURRENT_PROJECT_VERSION = 1;
				GENERATE_INFOPLIST_FILE = YES;
				INFOPLIST_FILE = MathTesting/Info.plist;
				INFOPLIST_KEY_UIApplicationSupportsIndirectInputEvents = YES;
				INFOPLIST_KEY_UILaunchStoryboardName = LaunchScreen;
				INFOPLIST_KEY_UIMainStoryboardFile = Main;
				INFOPLIST_KEY_UISupportedInterfaceOrientations_iPad = "UIInterfaceOrientationPortrait UIInterfaceOrientationPortraitUpsideDown UIInterfaceOrientationLandscapeLeft UIInterfaceOrientationLandscapeRight";
				INFOPLIST_KEY_UISupportedInterfaceOrientations_iPhone = "UIInterfaceOrientationPortrait UIInterfaceOrientationLandscapeLeft UIInterfaceOrientationLandscapeRight";
				LD_RUNPATH_SEARCH_PATHS = (
					"$(inherited)",
					"@executable_path/Frameworks",
				);
				MARKETING_VERSION = 1.0;
				PRODUCT_BUNDLE_IDENTIFIER = itsnotbex.MathTesting;
				PRODUCT_NAME = "$(TARGET_NAME)";
				SWIFT_EMIT_LOC_STRINGS = YES;
				SWIFT_VERSION = 5.0;
				TARGETED_DEVICE_FAMILY = "1,2";
			};
			name = Release;
		};
		6D849375283A47DF002F1D8D /* Debug */ = {
			isa = XCBuildConfiguration;
			buildSettings = {
				ALWAYS_EMBED_SWIFT_STANDARD_LIBRARIES = YES;
				BUNDLE_LOADER = "$(TEST_HOST)";
				CODE_SIGN_STYLE = Automatic;
				CURRENT_PROJECT_VERSION = 1;
				GENERATE_INFOPLIST_FILE = YES;
				IPHONEOS_DEPLOYMENT_TARGET = 15.4;
				MARKETING_VERSION = 1.0;
				PRODUCT_BUNDLE_IDENTIFIER = itsnotbex.MathTestingTests;
				PRODUCT_NAME = "$(TARGET_NAME)";
				SWIFT_EMIT_LOC_STRINGS = NO;
				SWIFT_VERSION = 5.0;
				TARGETED_DEVICE_FAMILY = "1,2";
				TEST_HOST = "$(BUILT_PRODUCTS_DIR)/MathTesting.app/MathTesting";
			};
			name = Debug;
		};
		6D849376283A47DF002F1D8D /* Release */ = {
			isa = XCBuildConfiguration;
			buildSettings = {
				ALWAYS_EMBED_SWIFT_STANDARD_LIBRARIES = YES;
				BUNDLE_LOADER = "$(TEST_HOST)";
				CODE_SIGN_STYLE = Automatic;
				CURRENT_PROJECT_VERSION = 1;
				GENERATE_INFOPLIST_FILE = YES;
				IPHONEOS_DEPLOYMENT_TARGET = 15.4;
				MARKETING_VERSION = 1.0;
				PRODUCT_BUNDLE_IDENTIFIER = itsnotbex.MathTestingTests;
				PRODUCT_NAME = "$(TARGET_NAME)";
				SWIFT_EMIT_LOC_STRINGS = NO;
				SWIFT_VERSION = 5.0;
				TARGETED_DEVICE_FAMILY = "1,2";
				TEST_HOST = "$(BUILT_PRODUCTS_DIR)/MathTesting.app/MathTesting";
			};
			name = Release;
		};
		6D849378283A47DF002F1D8D /* Debug */ = {
			isa = XCBuildConfiguration;
			buildSettings = {
				ALWAYS_EMBED_SWIFT_STANDARD_LIBRARIES = YES;
				CODE_SIGN_STYLE = Automatic;
				CURRENT_PROJECT_VERSION = 1;
				GENERATE_INFOPLIST_FILE = YES;
				MARKETING_VERSION = 1.0;
				PRODUCT_BUNDLE_IDENTIFIER = itsnotbex.MathTestingUITests;
				PRODUCT_NAME = "$(TARGET_NAME)";
				SWIFT_EMIT_LOC_STRINGS = NO;
				SWIFT_VERSION = 5.0;
				TARGETED_DEVICE_FAMILY = "1,2";
				TEST_TARGET_NAME = MathTesting;
			};
			name = Debug;
		};
		6D849379283A47DF002F1D8D /* Release */ = {
			isa = XCBuildConfiguration;
			buildSettings = {
				ALWAYS_EMBED_SWIFT_STANDARD_LIBRARIES = YES;
				CODE_SIGN_STYLE = Automatic;
				CURRENT_PROJECT_VERSION = 1;
				GENERATE_INFOPLIST_FILE = YES;
				MARKETING_VERSION = 1.0;
				PRODUCT_BUNDLE_IDENTIFIER = itsnotbex.MathTestingUITests;
				PRODUCT_NAME = "$(TARGET_NAME)";
				SWIFT_EMIT_LOC_STRINGS = NO;
				SWIFT_VERSION = 5.0;
				TARGETED_DEVICE_FAMILY = "1,2";
				TEST_TARGET_NAME = MathTesting;
			};
			name = Release;
		};
/* End XCBuildConfiguration section */

/* Begin XCConfigurationList section */
		6D849342283A47DC002F1D8D /* Build configuration list for PBXProject "MathTesting" */ = {
			isa = XCConfigurationList;
			buildConfigurations = (
				6D84936F283A47DF002F1D8D /* Debug */,
				6D849370283A47DF002F1D8D /* Release */,
			);
			defaultConfigurationIsVisible = 0;
			defaultConfigurationName = Release;
		};
		6D849371283A47DF002F1D8D /* Build configuration list for PBXNativeTarget "MathTesting" */ = {
			isa = XCConfigurationList;
			buildConfigurations = (
				6D849372283A47DF002F1D8D /* Debug */,
				6D849373283A47DF002F1D8D /* Release */,
			);
			defaultConfigurationIsVisible = 0;
			defaultConfigurationName = Release;
		};
		6D849374283A47DF002F1D8D /* Build configuration list for PBXNativeTarget "MathTestingTests" */ = {
			isa = XCConfigurationList;
			buildConfigurations = (
				6D849375283A47DF002F1D8D /* Debug */,
				6D849376283A47DF002F1D8D /* Release */,
			);
			defaultConfigurationIsVisible = 0;
			defaultConfigurationName = Release;
		};
		6D849377283A47DF002F1D8D /* Build configuration list for PBXNativeTarget "MathTestingUITests" */ = {
			isa = XCConfigurationList;
			buildConfigurations = (
				6D849378283A47DF002F1D8D /* Debug */,
				6D849379283A47DF002F1D8D /* Release */,
			);
			defaultConfigurationIsVisible = 0;
			defaultConfigurationName = Release;
		};
/* End XCConfigurationList section */
	};
	rootObject = 6D84933F283A47DC002F1D8D /* Project object */;
}
